
Microsoft Visual Studio Solution File, Format Version 12.00
# Visual Studio Version 17
VisualStudioVersion = 17.5.33209.295
MinimumVisualStudioVersion = 10.0.40219.1
Project("{9A19103F-16F7-4668-BE54-9A1E7A4F7556}") = "GameOfGoose.Tests", "GameOfGoose.Tests\GameOfGoose.Tests.csproj", "{23C8675A-D4A5-491E-941E-3574A75FA099}"
EndProject
Project("{9A19103F-16F7-4668-BE54-9A1E7A4F7556}") = "GameOfGoose.Core", "GameOfGoose.Core\GameOfGoose.Core.csproj", "{452BA649-22A0-4B52-852B-926D8A9A3448}"
EndProject
Global
	GlobalSection(SolutionConfigurationPlatforms) = preSolution
		Debug|Any CPU = Debug|Any CPU
		Release|Any CPU = Release|Any CPU
	EndGlobalSection
	GlobalSection(ProjectConfigurationPlatforms) = postSolution
		{23C8675A-D4A5-491E-941E-3574A75FA099}.Debug|Any CPU.ActiveCfg = Debug|Any CPU
		{23C8675A-D4A5-491E-941E-3574A75FA099}.Debug|Any CPU.Build.0 = Debug|Any CPU
		{23C8675A-D4A5-491E-941E-3574A75FA099}.Release|Any CPU.ActiveCfg = Release|Any CPU
		{23C8675A-D4A5-491E-941E-3574A75FA099}.Release|Any CPU.Build.0 = Release|Any CPU
		{452BA649-22A0-4B52-852B-926D8A9A3448}.Debug|Any CPU.ActiveCfg = Debug|Any CPU
		{452BA649-22A0-4B52-852B-926D8A9A3448}.Debug|Any CPU.Build.0 = Debug|Any CPU
		{452BA649-22A0-4B52-852B-926D8A9A3448}.Release|Any CPU.ActiveCfg = Release|Any CPU
		{452BA649-22A0-4B52-852B-926D8A9A3448}.Release|Any CPU.Build.0 = Release|Any CPU
	EndGlobalSection
	GlobalSection(SolutionProperties) = preSolution
		HideSolutionNode = FALSE
	EndGlobalSection
	GlobalSection(ExtensibilityGlobals) = postSolution
		SolutionGuid = {268586FC-7822-49CD-9351-FB64487F98DB}
	EndGlobalSection
EndGlobal
