
Microsoft Visual Studio Solution File, Format Version 12.00
# Visual Studio Version 17
VisualStudioVersion = 17.6.33829.357
MinimumVisualStudioVersion = 10.0.40219.1
Project("{FAE04EC0-301F-11D3-BF4B-00C04F79EFBC}") = "SpecFlowAndSeleniumProject", "SpecFlowAndSeleniumProject.csproj", "{8D2BD839-964F-4688-8F83-9159B14E43F9}"
EndProject
Global
	GlobalSection(SolutionConfigurationPlatforms) = preSolution
		Debug|Any CPU = Debug|Any CPU
		Release|Any CPU = Release|Any CPU
	EndGlobalSection
	GlobalSection(ProjectConfigurationPlatforms) = postSolution
		{8D2BD839-964F-4688-8F83-9159B14E43F9}.Debug|Any CPU.ActiveCfg = Debug|Any CPU
		{8D2BD839-964F-4688-8F83-9159B14E43F9}.Debug|Any CPU.Build.0 = Debug|Any CPU
		{8D2BD839-964F-4688-8F83-9159B14E43F9}.Release|Any CPU.ActiveCfg = Release|Any CPU
		{8D2BD839-964F-4688-8F83-9159B14E43F9}.Release|Any CPU.Build.0 = Release|Any CPU
	EndGlobalSection
	GlobalSection(SolutionProperties) = preSolution
		HideSolutionNode = FALSE
	EndGlobalSection
	GlobalSection(ExtensibilityGlobals) = postSolution
		SolutionGuid = {1F97CB3E-D60B-4415-BFB6-9B9D0E2959BA}
	EndGlobalSection
EndGlobal
